
Microsoft Visual Studio Solution File, Format Version 12.00
# Visual Studio 15
VisualStudioVersion = 15.0.28307.329
MinimumVisualStudioVersion = 10.0.40219.1
Project("{FAE04EC0-301F-11D3-BF4B-00C04F79EFBC}") = "FinalTask", "FinalTask\FinalTask.csproj", "{D00D2B6E-A15C-4F8E-8FC9-FB06BEA12B5B}"
EndProject
Global
	GlobalSection(SolutionConfigurationPlatforms) = preSolution
		Debug|Any CPU = Debug|Any CPU
		Release|Any CPU = Release|Any CPU
	EndGlobalSection
	GlobalSection(ProjectConfigurationPlatforms) = postSolution
		{D00D2B6E-A15C-4F8E-8FC9-FB06BEA12B5B}.Debug|Any CPU.ActiveCfg = Debug|Any CPU
		{D00D2B6E-A15C-4F8E-8FC9-FB06BEA12B5B}.Debug|Any CPU.Build.0 = Debug|Any CPU
		{D00D2B6E-A15C-4F8E-8FC9-FB06BEA12B5B}.Release|Any CPU.ActiveCfg = Release|Any CPU
		{D00D2B6E-A15C-4F8E-8FC9-FB06BEA12B5B}.Release|Any CPU.Build.0 = Release|Any CPU
	EndGlobalSection
	GlobalSection(SolutionProperties) = preSolution
		HideSolutionNode = FALSE
	EndGlobalSection
	GlobalSection(ExtensibilityGlobals) = postSolution
		SolutionGuid = {ED485A1B-EF04-4F58-AED8-F94FA54ED544}
	EndGlobalSection
EndGlobal
